
Microsoft Visual Studio Solution File, Format Version 12.00
# Visual Studio Version 16
VisualStudioVersion = 16.0.32630.194
MinimumVisualStudioVersion = 10.0.40219.1
Project("{FAE04EC0-301F-11D3-BF4B-00C04F79EFBC}") = "Uber", "Uber\Uber.csproj", "{DE0C18F6-E816-4168-B7AE-2036C24B2B34}"
EndProject
Project("{FAE04EC0-301F-11D3-BF4B-00C04F79EFBC}") = "Driver", "Driver\Driver.csproj", "{58C0B93D-30F9-4570-B35C-AF92E955A1C8}"
EndProject
Project("{FAE04EC0-301F-11D3-BF4B-00C04F79EFBC}") = "UberGateway", "UberGateway\UberGateway.csproj", "{BF2E7ABD-DCA1-496A-83EB-37F93E2B502D}"
EndProject
Global
	GlobalSection(SolutionConfigurationPlatforms) = preSolution
		Debug|Any CPU = Debug|Any CPU
		Release|Any CPU = Release|Any CPU
	EndGlobalSection
	GlobalSection(ProjectConfigurationPlatforms) = postSolution
		{DE0C18F6-E816-4168-B7AE-2036C24B2B34}.Debug|Any CPU.ActiveCfg = Debug|Any CPU
		{DE0C18F6-E816-4168-B7AE-2036C24B2B34}.Debug|Any CPU.Build.0 = Debug|Any CPU
		{DE0C18F6-E816-4168-B7AE-2036C24B2B34}.Release|Any CPU.ActiveCfg = Release|Any CPU
		{DE0C18F6-E816-4168-B7AE-2036C24B2B34}.Release|Any CPU.Build.0 = Release|Any CPU
		{58C0B93D-30F9-4570-B35C-AF92E955A1C8}.Debug|Any CPU.ActiveCfg = Debug|Any CPU
		{58C0B93D-30F9-4570-B35C-AF92E955A1C8}.Debug|Any CPU.Build.0 = Debug|Any CPU
		{58C0B93D-30F9-4570-B35C-AF92E955A1C8}.Release|Any CPU.ActiveCfg = Release|Any CPU
		{58C0B93D-30F9-4570-B35C-AF92E955A1C8}.Release|Any CPU.Build.0 = Release|Any CPU
		{BF2E7ABD-DCA1-496A-83EB-37F93E2B502D}.Debug|Any CPU.ActiveCfg = Debug|Any CPU
		{BF2E7ABD-DCA1-496A-83EB-37F93E2B502D}.Debug|Any CPU.Build.0 = Debug|Any CPU
		{BF2E7ABD-DCA1-496A-83EB-37F93E2B502D}.Release|Any CPU.ActiveCfg = Release|Any CPU
		{BF2E7ABD-DCA1-496A-83EB-37F93E2B502D}.Release|Any CPU.Build.0 = Release|Any CPU
	EndGlobalSection
	GlobalSection(SolutionProperties) = preSolution
		HideSolutionNode = FALSE
	EndGlobalSection
	GlobalSection(ExtensibilityGlobals) = postSolution
		SolutionGuid = {3932050F-1455-4278-875C-50D21C25F0FE}
	EndGlobalSection
EndGlobal
